{
  "requires": true,
  "lockfileVersion": 1,
  "dependencies": {
    "artyom.js": {
      "version": "1.0.6",
      "resolved": "https://registry.npmjs.org/artyom.js/-/artyom.js-1.0.6.tgz",
      "integrity": "sha512-dNxvqJy9x2wHVIDu5DVYvdKKrsUBp/9K0FPPXo2YX/8saYBOtLvnoWNHW41NS1Jq+bD4RFqfwhXeLSXgeaDZYQ=="
    },
    "buffy": {
      "version": "0.0.4",
      "resolved": "https://registry.npmjs.org/buffy/-/buffy-0.0.4.tgz",
      "integrity": "sha1-0ggQT72bR6h8uwH+Oy7y31QwDfg="
    },
    "simple-debug": {
      "version": "1.1.2",
      "resolved": "https://registry.npmjs.org/simple-debug/-/simple-debug-1.1.2.tgz",
      "integrity": "sha1-CTTh23WjNwaE96y2Y9FVtNRMxss="
    }
  }
}
